
Microsoft Visual Studio Solution File, Format Version 12.00
# Visual Studio 2013
VisualStudioVersion = 12.0.31101.0
MinimumVisualStudioVersion = 10.0.40219.1
Project("{E24C65DC-7377-472B-9ABA-BC803B73C61A}") = "SoftGreenDoc", "http://localhost:64359", "{9EBCFA4D-85E6-4BB0-8228-8BCE54C8110C}"
	ProjectSection(WebsiteProperties) = preProject
		UseIISExpress = "true"
		TargetFrameworkMoniker = ".NETFramework,Version%3Dv4.5"
		Debug.AspNetCompiler.VirtualPath = "/localhost_64359"
		Debug.AspNetCompiler.PhysicalPath = "..\..\WebSites\SoftGreenDoc\"
		Debug.AspNetCompiler.TargetPath = "PrecompiledWeb\localhost_64359\"
		Debug.AspNetCompiler.Updateable = "true"
		Debug.AspNetCompiler.ForceOverwrite = "true"
		Debug.AspNetCompiler.FixedNames = "false"
		Debug.AspNetCompiler.Debug = "True"
		Release.AspNetCompiler.VirtualPath = "/localhost_64359"
		Release.AspNetCompiler.PhysicalPath = "..\..\WebSites\SoftGreenDoc\"
		Release.AspNetCompiler.TargetPath = "PrecompiledWeb\localhost_64359\"
		Release.AspNetCompiler.Updateable = "true"
		Release.AspNetCompiler.ForceOverwrite = "true"
		Release.AspNetCompiler.FixedNames = "false"
		Release.AspNetCompiler.Debug = "False"
		SlnRelativePath = "..\..\WebSites\SoftGreenDoc\"
		DefaultWebSiteLanguage = "Visual C#"
	EndProjectSection
EndProject
Global
	GlobalSection(SolutionConfigurationPlatforms) = preSolution
		Debug|Any CPU = Debug|Any CPU
	EndGlobalSection
	GlobalSection(ProjectConfigurationPlatforms) = postSolution
		{9EBCFA4D-85E6-4BB0-8228-8BCE54C8110C}.Debug|Any CPU.ActiveCfg = Debug|Any CPU
		{9EBCFA4D-85E6-4BB0-8228-8BCE54C8110C}.Debug|Any CPU.Build.0 = Debug|Any CPU
	EndGlobalSection
	GlobalSection(SolutionProperties) = preSolution
		HideSolutionNode = FALSE
	EndGlobalSection
EndGlobal
